
Microsoft Visual Studio Solution File, Format Version 12.00
# Visual Studio Version 16
VisualStudioVersion = 16.0.30517.126
MinimumVisualStudioVersion = 10.0.40219.1
Project("{FAE04EC0-301F-11D3-BF4B-00C04F79EFBC}") = "AssignmentDay2", "AssignmentDay2\AssignmentDay2.csproj", "{0DEDA853-D581-4A84-A3EA-DAB97C113136}"
EndProject
Global
	GlobalSection(SolutionConfigurationPlatforms) = preSolution
		Debug|Any CPU = Debug|Any CPU
		Release|Any CPU = Release|Any CPU
	EndGlobalSection
	GlobalSection(ProjectConfigurationPlatforms) = postSolution
		{0DEDA853-D581-4A84-A3EA-DAB97C113136}.Debug|Any CPU.ActiveCfg = Debug|Any CPU
		{0DEDA853-D581-4A84-A3EA-DAB97C113136}.Debug|Any CPU.Build.0 = Debug|Any CPU
		{0DEDA853-D581-4A84-A3EA-DAB97C113136}.Release|Any CPU.ActiveCfg = Release|Any CPU
		{0DEDA853-D581-4A84-A3EA-DAB97C113136}.Release|Any CPU.Build.0 = Release|Any CPU
	EndGlobalSection
	GlobalSection(SolutionProperties) = preSolution
		HideSolutionNode = FALSE
	EndGlobalSection
	GlobalSection(ExtensibilityGlobals) = postSolution
		SolutionGuid = {FC6678F8-F242-43D5-A57F-2D21D11418F7}
	EndGlobalSection
EndGlobal
